// !$*UTF8*$!
{
	archiveVersion = 1;
	classes = {
	};
	objectVersion = 55;
	objects = {

/* Begin PBXBuildFile section */
		CED74BAD27F97CDA00EA5F72 /* SlidersColor_SwiftUIApp.swift in Sources */ = {isa = PBXBuildFile; fileRef = CED74BAC27F97CDA00EA5F72 /* SlidersColor_SwiftUIApp.swift */; };
		CED74BAF27F97CDA00EA5F72 /* ContentView.swift in Sources */ = {isa = PBXBuildFile; fileRef = CED74BAE27F97CDA00EA5F72 /* ContentView.swift */; };
		CED74BB127F97CDF00EA5F72 /* Assets.xcassets in Resources */ = {isa = PBXBuildFile; fileRef = CED74BB027F97CDF00EA5F72 /* Assets.xcassets */; };
		CED74BB427F97CDF00EA5F72 /* Preview Assets.xcassets in Resources */ = {isa = PBXBuildFile; fileRef = CED74BB327F97CDF00EA5F72 /* Preview Assets.xcassets */; };
		CED74BBB27F9832F00EA5F72 /* Slider.swift in Sources */ = {isa = PBXBuildFile; fileRef = CED74BBA27F9832F00EA5F72 /* Slider.swift */; };
		CED74BBD27FAB63C00EA5F72 /* TextFields.swift in Sources */ = {isa = PBXBuildFile; fileRef = CED74BBC27FAB63C00EA5F72 /* TextFields.swift */; };
		CED74BBF27FACE7800EA5F72 /* LabelValue.swift in Sources */ = {isa = PBXBuildFile; fileRef = CED74BBE27FACE7800EA5F72 /* LabelValue.swift */; };
		CED74BC127FAE5FE00EA5F72 /* ColorView.swift in Sources */ = {isa = PBXBuildFile; fileRef = CED74BC027FAE5FE00EA5F72 /* ColorView.swift */; };
/* End PBXBuildFile section */

/* Begin PBXFileReference section */
		CED74BA927F97CDA00EA5F72 /* SlidersColor_SwiftUI.app */ = {isa = PBXFileReference; explicitFileType = wrapper.application; includeInIndex = 0; path = SlidersColor_SwiftUI.app; sourceTree = BUILT_PRODUCTS_DIR; };
		CED74BAC27F97CDA00EA5F72 /* SlidersColor_SwiftUIApp.swift */ = {isa = PBXFileReference; lastKnownFileType = sourcecode.swift; path = SlidersColor_SwiftUIApp.swift; sourceTree = "<group>"; };
		CED74BAE27F97CDA00EA5F72 /* ContentView.swift */ = {isa = PBXFileReference; lastKnownFileType = sourcecode.swift; path = ContentView.swift; sourceTree = "<group>"; };
		CED74BB027F97CDF00EA5F72 /* Assets.xcassets */ = {isa = PBXFileReference; lastKnownFileType = folder.assetcatalog; path = Assets.xcassets; sourceTree = "<group>"; };
		CED74BB327F97CDF00EA5F72 /* Preview Assets.xcassets */ = {isa = PBXFileReference; lastKnownFileType = folder.assetcatalog; path = "Preview Assets.xcassets"; sourceTree = "<group>"; };
		CED74BBA27F9832F00EA5F72 /* Slider.swift */ = {isa = PBXFileReference; lastKnownFileType = sourcecode.swift; path = Slider.swift; sourceTree = "<group>"; };
		CED74BBC27FAB63C00EA5F72 /* TextFields.swift */ = {isa = PBXFileReference; lastKnownFileType = sourcecode.swift; path = TextFields.swift; sourceTree = "<group>"; };
		CED74BBE27FACE7800EA5F72 /* LabelValue.swift */ = {isa = PBXFileReference; lastKnownFileType = sourcecode.swift; path = LabelValue.swift; sourceTree = "<group>"; };
		CED74BC027FAE5FE00EA5F72 /* ColorView.swift */ = {isa = PBXFileReference; lastKnownFileType = sourcecode.swift; path = ColorView.swift; sourceTree = "<group>"; };
/* End PBXFileReference section */

/* Begin PBXFrameworksBuildPhase section */
		CED74BA627F97CDA00EA5F72 /* Frameworks */ = {
			isa = PBXFrameworksBuildPhase;
			buildActionMask = 2147483647;
			files = (
			);
			runOnlyForDeploymentPostprocessing = 0;
		};
/* End PBXFrameworksBuildPhase section */

/* Begin PBXGroup section */
		CED74BA027F97CD900EA5F72 = {
			isa = PBXGroup;
			children = (
				CED74BAB27F97CDA00EA5F72 /* SlidersColor_SwiftUI */,
				CED74BAA27F97CDA00EA5F72 /* Products */,
			);
			sourceTree = "<group>";
		};
		CED74BAA27F97CDA00EA5F72 /* Products */ = {
			isa = PBXGroup;
			children = (
				CED74BA927F97CDA00EA5F72 /* SlidersColor_SwiftUI.app */,
			);
			name = Products;
			sourceTree = "<group>";
		};
		CED74BAB27F97CDA00EA5F72 /* SlidersColor_SwiftUI */ = {
			isa = PBXGroup;
			children = (
				CED74BAC27F97CDA00EA5F72 /* SlidersColor_SwiftUIApp.swift */,
				CED74BAE27F97CDA00EA5F72 /* ContentView.swift */,
				CED74BBA27F9832F00EA5F72 /* Slider.swift */,
				CED74BBE27FACE7800EA5F72 /* LabelValue.swift */,
				CED74BBC27FAB63C00EA5F72 /* TextFields.swift */,
				CED74BC027FAE5FE00EA5F72 /* ColorView.swift */,
				CED74BB027F97CDF00EA5F72 /* Assets.xcassets */,
				CED74BB227F97CDF00EA5F72 /* Preview Content */,
			);
			path = SlidersColor_SwiftUI;
			sourceTree = "<group>";
		};
		CED74BB227F97CDF00EA5F72 /* Preview Content */ = {
			isa = PBXGroup;
			children = (
				CED74BB327F97CDF00EA5F72 /* Preview Assets.xcassets */,
			);
			path = "Preview Content";
			sourceTree = "<group>";
		};
/* End PBXGroup section */

/* Begin PBXNativeTarget section */
		CED74BA827F97CDA00EA5F72 /* SlidersColor_SwiftUI */ = {
			isa = PBXNativeTarget;
			buildConfigurationList = CED74BB727F97CDF00EA5F72 /* Build configuration list for PBXNativeTarget "SlidersColor_SwiftUI" */;
			buildPhases = (
				CED74BA527F97CDA00EA5F72 /* Sources */,
				CED74BA627F97CDA00EA5F72 /* Frameworks */,
				CED74BA727F97CDA00EA5F72 /* Resources */,
			);
			buildRules = (
			);
			dependencies = (
			);
			name = SlidersColor_SwiftUI;
			productName = SlidersColor_SwiftUI;
			productReference = CED74BA927F97CDA00EA5F72 /* SlidersColor_SwiftUI.app */;
			productType = "com.apple.product-type.application";
		};
/* End PBXNativeTarget section */

/* Begin PBXProject section */
		CED74BA127F97CDA00EA5F72 /* Project object */ = {
			isa = PBXProject;
			attributes = {
				BuildIndependentTargetsInParallel = 1;
				LastSwiftUpdateCheck = 1310;
				LastUpgradeCheck = 1310;
				TargetAttributes = {
					CED74BA827F97CDA00EA5F72 = {
						CreatedOnToolsVersion = 13.1;
					};
				};
			};
			buildConfigurationList = CED74BA427F97CDA00EA5F72 /* Build configuration list for PBXProject "SlidersColor_SwiftUI" */;
			compatibilityVersion = "Xcode 13.0";
			developmentRegion = en;
			hasScannedForEncodings = 0;
			knownRegions = (
				en,
				Base,
			);
			mainGroup = CED74BA027F97CD900EA5F72;
			productRefGroup = CED74BAA27F97CDA00EA5F72 /* Products */;
			projectDirPath = "";
			projectRoot = "";
			targets = (
				CED74BA827F97CDA00EA5F72 /* SlidersColor_SwiftUI */,
			);
		};
/* End PBXProject section */

/* Begin PBXResourcesBuildPhase section */
		CED74BA727F97CDA00EA5F72 /* Resources */ = {
			isa = PBXResourcesBuildPhase;
			buildActionMask = 2147483647;
			files = (
				CED74BB427F97CDF00EA5F72 /* Preview Assets.xcassets in Resources */,
				CED74BB127F97CDF00EA5F72 /* Assets.xcassets in Resources */,
			);
			runOnlyForDeploymentPostprocessing = 0;
		};
/* End PBXResourcesBuildPhase section */

/* Begin PBXSourcesBuildPhase section */
		CED74BA527F97CDA00EA5F72 /* Sources */ = {
			isa = PBXSourcesBuildPhase;
			buildActionMask = 2147483647;
			files = (
				CED74BC127FAE5FE00EA5F72 /* ColorView.swift in Sources */,
				CED74BAF27F97CDA00EA5F72 /* ContentView.swift in Sources */,
				CED74BBF27FACE7800EA5F72 /* LabelValue.swift in Sources */,
				CED74BBB27F9832F00EA5F72 /* Slider.swift in Sources */,
				CED74BAD27F97CDA00EA5F72 /* SlidersColor_SwiftUIApp.swift in Sources */,
				CED74BBD27FAB63C00EA5F72 /* TextFields.swift in Sources */,
			);
			runOnlyForDeploymentPostprocessing = 0;
		};
/* End PBXSourcesBuildPhase section */

/* Begin XCBuildConfiguration section */
		CED74BB527F97CDF00EA5F72 /* Debug */ = {
			isa = XCBuildConfiguration;
			buildSettings = {
				ALWAYS_SEARCH_USER_PATHS = NO;
				CLANG_ANALYZER_NONNULL = YES;
				CLANG_ANALYZER_NUMBER_OBJECT_CONVERSION = YES_AGGRESSIVE;
				CLANG_CXX_LANGUAGE_STANDARD = "gnu++17";
				CLANG_CXX_LIBRARY = "libc++";
				CLANG_ENABLE_MODULES = YES;
				CLANG_ENABLE_OBJC_ARC = YES;
				CLANG_ENABLE_OBJC_WEAK = YES;
				CLANG_WARN_BLOCK_CAPTURE_AUTORELEASING = YES;
				CLANG_WARN_BOOL_CONVERSION = YES;
				CLANG_WARN_COMMA = YES;
				CLANG_WARN_CONSTANT_CONVERSION = YES;
				CLANG_WARN_DEPRECATED_OBJC_IMPLEMENTATIONS = YES;
				CLANG_WARN_DIRECT_OBJC_ISA_USAGE = YES_ERROR;
				CLANG_WARN_DOCUMENTATION_COMMENTS = YES;
				CLANG_WARN_EMPTY_BODY = YES;
				CLANG_WARN_ENUM_CONVERSION = YES;
				CLANG_WARN_INFINITE_RECURSION = YES;
				CLANG_WARN_INT_CONVERSION = YES;
				CLANG_WARN_NON_LITERAL_NULL_CONVERSION = YES;
				CLANG_WARN_OBJC_IMPLICIT_RETAIN_SELF = YES;
				CLANG_WARN_OBJC_LITERAL_CONVERSION = YES;
				CLANG_WARN_OBJC_ROOT_CLASS = YES_ERROR;
				CLANG_WARN_QUOTED_INCLUDE_IN_FRAMEWORK_HEADER = YES;
				CLANG_WARN_RANGE_LOOP_ANALYSIS = YES;
				CLANG_WARN_STRICT_PROTOTYPES = YES;
				CLANG_WARN_SUSPICIOUS_MOVE = YES;
				CLANG_WARN_UNGUARDED_AVAILABILITY = YES_AGGRESSIVE;
				CLANG_WARN_UNREACHABLE_CODE = YES;
				CLANG_WARN__DUPLICATE_METHOD_MATCH = YES;
				COPY_PHASE_STRIP = NO;
				DEBUG_INFORMATION_FORMAT = dwarf;
				ENABLE_STRICT_OBJC_MSGSEND = YES;
				ENABLE_TESTABILITY = YES;
				GCC_C_LANGUAGE_STANDARD = gnu11;
				GCC_DYNAMIC_NO_PIC = NO;
				GCC_NO_COMMON_BLOCKS = YES;
				GCC_OPTIMIZATION_LEVEL = 0;
				GCC_PREPROCESSOR_DEFINITIONS = (
					"DEBUG=1",
					"$(inherited)",
				);
				GCC_WARN_64_TO_32_BIT_CONVERSION = YES;
				GCC_WARN_ABOUT_RETURN_TYPE = YES_ERROR;
				GCC_WARN_UNDECLARED_SELECTOR = YES;
				GCC_WARN_UNINITIALIZED_AUTOS = YES_AGGRESSIVE;
				GCC_WARN_UNUSED_FUNCTION = YES;
				GCC_WARN_UNUSED_VARIABLE = YES;
				IPHONEOS_DEPLOYMENT_TARGET = 15.0;
				MTL_ENABLE_DEBUG_INFO = INCLUDE_SOURCE;
				MTL_FAST_MATH = YES;
				ONLY_ACTIVE_ARCH = YES;
				SDKROOT = iphoneos;
				SWIFT_ACTIVE_COMPILATION_CONDITIONS = DEBUG;
				SWIFT_OPTIMIZATION_LEVEL = "-Onone";
			};
			name = Debug;
		};
		CED74BB627F97CDF00EA5F72 /* Release */ = {
			isa = XCBuildConfiguration;
			buildSettings = {
				ALWAYS_SEARCH_USER_PATHS = NO;
				CLANG_ANALYZER_NONNULL = YES;
				CLANG_ANALYZER_NUMBER_OBJECT_CONVERSION = YES_AGGRESSIVE;
				CLANG_CXX_LANGUAGE_STANDARD = "gnu++17";
				CLANG_CXX_LIBRARY = "libc++";
				CLANG_ENABLE_MODULES = YES;
				CLANG_ENABLE_OBJC_ARC = YES;
				CLANG_ENABLE_OBJC_WEAK = YES;
				CLANG_WARN_BLOCK_CAPTURE_AUTORELEASING = YES;
				CLANG_WARN_BOOL_CONVERSION = YES;
				CLANG_WARN_COMMA = YES;
				CLANG_WARN_CONSTANT_CONVERSION = YES;
				CLANG_WARN_DEPRECATED_OBJC_IMPLEMENTATIONS = YES;
				CLANG_WARN_DIRECT_OBJC_ISA_USAGE = YES_ERROR;
				CLANG_WARN_DOCUMENTATION_COMMENTS = YES;
				CLANG_WARN_EMPTY_BODY = YES;
				CLANG_WARN_ENUM_CONVERSION = YES;
				CLANG_WARN_INFINITE_RECURSION = YES;
				CLANG_WARN_INT_CONVERSION = YES;
				CLANG_WARN_NON_LITERAL_NULL_CONVERSION = YES;
				CLANG_WARN_OBJC_IMPLICIT_RETAIN_SELF = YES;
				CLANG_WARN_OBJC_LITERAL_CONVERSION = YES;
				CLANG_WARN_OBJC_ROOT_CLASS = YES_ERROR;
				CLANG_WARN_QUOTED_INCLUDE_IN_FRAMEWORK_HEADER = YES;
				CLANG_WARN_RANGE_LOOP_ANALYSIS = YES;
				CLANG_WARN_STRICT_PROTOTYPES = YES;
				CLANG_WARN_SUSPICIOUS_MOVE = YES;
				CLANG_WARN_UNGUARDED_AVAILABILITY = YES_AGGRESSIVE;
				CLANG_WARN_UNREACHABLE_CODE = YES;
				CLANG_WARN__DUPLICATE_METHOD_MATCH = YES;
				COPY_PHASE_STRIP = NO;
				DEBUG_INFORMATION_FORMAT = "dwarf-with-dsym";
				ENABLE_NS_ASSERTIONS = NO;
				ENABLE_STRICT_OBJC_MSGSEND = YES;
				GCC_C_LANGUAGE_STANDARD = gnu11;
				GCC_NO_COMMON_BLOCKS = YES;
				GCC_WARN_64_TO_32_BIT_CONVERSION = YES;
				GCC_WARN_ABOUT_RETURN_TYPE = YES_ERROR;
				GCC_WARN_UNDECLARED_SELECTOR = YES;
				GCC_WARN_UNINITIALIZED_AUTOS = YES_AGGRESSIVE;
				GCC_WARN_UNUSED_FUNCTION = YES;
				GCC_WARN_UNUSED_VARIABLE = YES;
				IPHONEOS_DEPLOYMENT_TARGET = 15.0;
				MTL_ENABLE_DEBUG_INFO = NO;
				MTL_FAST_MATH = YES;
				SDKROOT = iphoneos;
				SWIFT_COMPILATION_MODE = wholemodule;
				SWIFT_OPTIMIZATION_LEVEL = "-O";
				VALIDATE_PRODUCT = YES;
			};
			name = Release;
		};
		CED74BB827F97CDF00EA5F72 /* Debug */ = {
			isa = XCBuildConfiguration;
			buildSettings = {
				ASSETCATALOG_COMPILER_APPICON_NAME = AppIcon;
				ASSETCATALOG_COMPILER_GLOBAL_ACCENT_COLOR_NAME = AccentColor;
				CODE_SIGN_STYLE = Automatic;
				CURRENT_PROJECT_VERSION = 1;
				DEVELOPMENT_ASSET_PATHS = "\"SlidersColor_SwiftUI/Preview Content\"";
				ENABLE_PREVIEWS = YES;
				GENERATE_INFOPLIST_FILE = YES;
				INFOPLIST_KEY_UIApplicationSceneManifest_Generation = YES;
				INFOPLIST_KEY_UIApplicationSupportsIndirectInputEvents = YES;
				INFOPLIST_KEY_UILaunchScreen_Generation = YES;
				INFOPLIST_KEY_UISupportedInterfaceOrientations_iPad = "UIInterfaceOrientationPortrait UIInterfaceOrientationPortraitUpsideDown UIInterfaceOrientationLandscapeLeft UIInterfaceOrientationLandscapeRight";
				INFOPLIST_KEY_UISupportedInterfaceOrientations_iPhone = "UIInterfaceOrientationPortrait UIInterfaceOrientationLandscapeLeft UIInterfaceOrientationLandscapeRight";
				LD_RUNPATH_SEARCH_PATHS = (
					"$(inherited)",
					"@executable_path/Frameworks",
				);
				MARKETING_VERSION = 1.0;
				PRODUCT_BUNDLE_IDENTIFIER = "AlexeyBychinin.SlidersColor-SwiftUI";
				PRODUCT_NAME = "$(TARGET_NAME)";
				SWIFT_EMIT_LOC_STRINGS = YES;
				SWIFT_VERSION = 5.0;
				TARGETED_DEVICE_FAMILY = "1,2";
			};
			name = Debug;
		};
		CED74BB927F97CDF00EA5F72 /* Release */ = {
			isa = XCBuildConfiguration;
			buildSettings = {
				ASSETCATALOG_COMPILER_APPICON_NAME = AppIcon;
				ASSETCATALOG_COMPILER_GLOBAL_ACCENT_COLOR_NAME = AccentColor;
				CODE_SIGN_STYLE = Automatic;
				CURRENT_PROJECT_VERSION = 1;
				DEVELOPMENT_ASSET_PATHS = "\"SlidersColor_SwiftUI/Preview Content\"";
				ENABLE_PREVIEWS = YES;
				GENERATE_INFOPLIST_FILE = YES;
				INFOPLIST_KEY_UIApplicationSceneManifest_Generation = YES;
				INFOPLIST_KEY_UIApplicationSupportsIndirectInputEvents = YES;
				INFOPLIST_KEY_UILaunchScreen_Generation = YES;
				INFOPLIST_KEY_UISupportedInterfaceOrientations_iPad = "UIInterfaceOrientationPortrait UIInterfaceOrientationPortraitUpsideDown UIInterfaceOrientationLandscapeLeft UIInterfaceOrientationLandscapeRight";
				INFOPLIST_KEY_UISupportedInterfaceOrientations_iPhone = "UIInterfaceOrientationPortrait UIInterfaceOrientationLandscapeLeft UIInterfaceOrientationLandscapeRight";
				LD_RUNPATH_SEARCH_PATHS = (
					"$(inherited)",
					"@executable_path/Frameworks",
				);
				MARKETING_VERSION = 1.0;
				PRODUCT_BUNDLE_IDENTIFIER = "AlexeyBychinin.SlidersColor-SwiftUI";
				PRODUCT_NAME = "$(TARGET_NAME)";
				SWIFT_EMIT_LOC_STRINGS = YES;
				SWIFT_VERSION = 5.0;
				TARGETED_DEVICE_FAMILY = "1,2";
			};
			name = Release;
		};
/* End XCBuildConfiguration section */

/* Begin XCConfigurationList section */
		CED74BA427F97CDA00EA5F72 /* Build configuration list for PBXProject "SlidersColor_SwiftUI" */ = {
			isa = XCConfigurationList;
			buildConfigurations = (
				CED74BB527F97CDF00EA5F72 /* Debug */,
				CED74BB627F97CDF00EA5F72 /* Release */,
			);
			defaultConfigurationIsVisible = 0;
			defaultConfigurationName = Release;
		};
		CED74BB727F97CDF00EA5F72 /* Build configuration list for PBXNativeTarget "SlidersColor_SwiftUI" */ = {
			isa = XCConfigurationList;
			buildConfigurations = (
				CED74BB827F97CDF00EA5F72 /* Debug */,
				CED74BB927F97CDF00EA5F72 /* Release */,
			);
			defaultConfigurationIsVisible = 0;
			defaultConfigurationName = Release;
		};
/* End XCConfigurationList section */
	};
	rootObject = CED74BA127F97CDA00EA5F72 /* Project object */;
}
